{
  "nodes": {
    "flake-utils": {
      "locked": {
        "lastModified": 1601282935,
        "narHash": "sha256-WQAFV6sGGQxrRs3a+/Yj9xUYvhTpukQJIcMbIi7LCJ4=",
        "owner": "numtide",
        "repo": "flake-utils",
        "rev": "588973065fce51f4763287f0fda87a174d78bf48",
        "type": "github"
      },
      "original": {
        "owner": "numtide",
        "repo": "flake-utils",
        "type": "github"
      }
    },
    "nixops": {
      "inputs": {
        "nixpkgs": [
          "nixpkgs"
        ],
        "utils": "utils"
      },
      "locked": {
        "lastModified": 1601388257,
        "narHash": "sha256-Kk1T9UUB5ALL+PDe8r5EMBEuk5lpcFqnQlzyWySQI0o=",
        "owner": "NixOS",
        "repo": "nixops",
        "rev": "c9fdc936ba7066564993b6b34557c2f0f77f43ab",
        "type": "github"
      },
      "original": {
        "owner": "NixOS",
        "repo": "nixops",
        "type": "github"
      }
    },
    "nixpkgs": {
      "locked": {
        "lastModified": 1604713497,
        "narHash": "sha256-yx5wc5ZFrfpwSMWKnfdnS78WQ63Q6Mdcp543HI4J7ag=",
        "owner": "NixOS",
        "repo": "nixpkgs",
        "rev": "e79793fd8596d193e09336b2d0d2629e3b8d4888",
        "type": "github"
      },
      "original": {
        "owner": "NixOS",
        "ref": "release-20.09",
        "repo": "nixpkgs",
        "type": "github"
      }
    },
    "root": {
      "inputs": {
        "flake-utils": "flake-utils",
        "nixops": "nixops",
        "nixpkgs": "nixpkgs"
      }
    },
    "utils": {
      "locked": {
        "lastModified": 1594123299,
        "narHash": "sha256-zxjtMmOV93pIVG242RpEXu14w/13XYDo3ygMoRIJg4c=",
        "owner": "numtide",
        "repo": "flake-utils",
        "rev": "590d6d1badea1956a31480a0cba1d8d029cf45d3",
        "type": "github"
      },
      "original": {
        "owner": "numtide",
        "repo": "flake-utils",
        "type": "github"
      }
    }
  },
  "root": "root",
  "version": 7
}
