{
  "nodes": {
    "flake-utils": {
      "locked": {
        "lastModified": 1610051610,
        "narHash": "sha256-U9rPz/usA1/Aohhk7Cmc2gBrEEKRzcW4nwPWMPwja4Y=",
        "owner": "numtide",
        "repo": "flake-utils",
        "rev": "3982c9903e93927c2164caa727cd3f6a0e6d14cc",
        "type": "github"
      },
      "original": {
        "owner": "numtide",
        "repo": "flake-utils",
        "type": "github"
      }
    },
    "nixops": {
      "inputs": {
        "nixpkgs": [
          "nixpkgs"
        ],
        "utils": "utils"
      },
      "locked": {
        "lastModified": 1611010400,
        "narHash": "sha256-11LzBpdszXQuhxrnGHOneVo/G5ikT5pWdkc3q5VM1L0=",
        "owner": "NixOS",
        "repo": "nixops",
        "rev": "1239ff7fb94bd647ea54d18e7c7da4b81e63f422",
        "type": "github"
      },
      "original": {
        "owner": "NixOS",
        "repo": "nixops",
        "type": "github"
      }
    },
    "nixpkgs": {
      "locked": {
        "lastModified": 1611829825,
        "narHash": "sha256-CzoN7EVSzx/Iy3TMMkEALEYtPsbpLiyz3g1WmqQuSRI=",
        "owner": "NixOS",
        "repo": "nixpkgs",
        "rev": "b43756e22b3128f9415fdcd954a5b1e3b865680a",
        "type": "github"
      },
      "original": {
        "owner": "NixOS",
        "ref": "master",
        "repo": "nixpkgs",
        "type": "github"
      }
    },
    "root": {
      "inputs": {
        "flake-utils": "flake-utils",
        "nixops": "nixops",
        "nixpkgs": "nixpkgs"
      }
    },
    "utils": {
      "locked": {
        "lastModified": 1594123299,
        "narHash": "sha256-zxjtMmOV93pIVG242RpEXu14w/13XYDo3ygMoRIJg4c=",
        "owner": "numtide",
        "repo": "flake-utils",
        "rev": "590d6d1badea1956a31480a0cba1d8d029cf45d3",
        "type": "github"
      },
      "original": {
        "owner": "numtide",
        "repo": "flake-utils",
        "type": "github"
      }
    }
  },
  "root": "root",
  "version": 7
}
